
Microsoft Visual Studio Solution File, Format Version 12.00
# Visual Studio Version 17
VisualStudioVersion = 17.8.34511.84
MinimumVisualStudioVersion = 10.0.40219.1
Project("{FAE04EC0-301F-11D3-BF4B-00C04F79EFBC}") = "SubwayPOSManagementSystem", "SubwayPOSManagementSystem.csproj", "{E70AA9A9-B3F2-465B-BA8A-55954D14283B}"
EndProject
Global
	GlobalSection(SolutionConfigurationPlatforms) = preSolution
		Debug|Any CPU = Debug|Any CPU
		Release|Any CPU = Release|Any CPU
	EndGlobalSection
	GlobalSection(ProjectConfigurationPlatforms) = postSolution
		{E70AA9A9-B3F2-465B-BA8A-55954D14283B}.Debug|Any CPU.ActiveCfg = Debug|Any CPU
		{E70AA9A9-B3F2-465B-BA8A-55954D14283B}.Debug|Any CPU.Build.0 = Debug|Any CPU
		{E70AA9A9-B3F2-465B-BA8A-55954D14283B}.Release|Any CPU.ActiveCfg = Release|Any CPU
		{E70AA9A9-B3F2-465B-BA8A-55954D14283B}.Release|Any CPU.Build.0 = Release|Any CPU
	EndGlobalSection
	GlobalSection(SolutionProperties) = preSolution
		HideSolutionNode = FALSE
	EndGlobalSection
	GlobalSection(ExtensibilityGlobals) = postSolution
		SolutionGuid = {97CA6647-FB6C-4EDC-AD50-C311D6A556FB}
	EndGlobalSection
EndGlobal
